
Microsoft Visual Studio Solution File, Format Version 12.00
Project("{FAE04EC0-301F-11D3-BF4B-00C04F79EFBC}") = "Gathering.Infrastructure", "Gathering.Infrastructure\Gathering.Infrastructure.csproj", "{C4B4F6EB-32D7-4C3A-9C3F-270453F525ED}"
EndProject
Project("{FAE04EC0-301F-11D3-BF4B-00C04F79EFBC}") = "Gathering.Api", "Gathering.Api\Gathering.Api.csproj", "{FE5B0718-0833-4418-92AB-86DBA225F8F5}"
EndProject
Project("{FAE04EC0-301F-11D3-BF4B-00C04F79EFBC}") = "Gathering.Contracts", "Gathering.Contracts\Gathering.Contracts.csproj", "{80F80733-BDCC-46C8-8EAD-A7B4B1DAE3CD}"
EndProject
Project("{FAE04EC0-301F-11D3-BF4B-00C04F79EFBC}") = "Gathering.Domain", "Gathering.Domain\Gathering.Domain.csproj", "{F331C6AE-53E4-4CB7-95FE-EFEC49389CA7}"
EndProject
Project("{FAE04EC0-301F-11D3-BF4B-00C04F79EFBC}") = "Gathering.Application", "Gathering.Application\Gathering.Application.csproj", "{42D05D4A-9C52-4D15-813D-5A6FCEF9B1E9}"
EndProject
Global
	GlobalSection(SolutionConfigurationPlatforms) = preSolution
		Debug|Any CPU = Debug|Any CPU
		Release|Any CPU = Release|Any CPU
	EndGlobalSection
	GlobalSection(ProjectConfigurationPlatforms) = postSolution
		{C4B4F6EB-32D7-4C3A-9C3F-270453F525ED}.Debug|Any CPU.ActiveCfg = Debug|Any CPU
		{C4B4F6EB-32D7-4C3A-9C3F-270453F525ED}.Debug|Any CPU.Build.0 = Debug|Any CPU
		{C4B4F6EB-32D7-4C3A-9C3F-270453F525ED}.Release|Any CPU.ActiveCfg = Release|Any CPU
		{C4B4F6EB-32D7-4C3A-9C3F-270453F525ED}.Release|Any CPU.Build.0 = Release|Any CPU
		{FE5B0718-0833-4418-92AB-86DBA225F8F5}.Debug|Any CPU.ActiveCfg = Debug|Any CPU
		{FE5B0718-0833-4418-92AB-86DBA225F8F5}.Debug|Any CPU.Build.0 = Debug|Any CPU
		{FE5B0718-0833-4418-92AB-86DBA225F8F5}.Release|Any CPU.ActiveCfg = Release|Any CPU
		{FE5B0718-0833-4418-92AB-86DBA225F8F5}.Release|Any CPU.Build.0 = Release|Any CPU
		{80F80733-BDCC-46C8-8EAD-A7B4B1DAE3CD}.Debug|Any CPU.ActiveCfg = Debug|Any CPU
		{80F80733-BDCC-46C8-8EAD-A7B4B1DAE3CD}.Debug|Any CPU.Build.0 = Debug|Any CPU
		{80F80733-BDCC-46C8-8EAD-A7B4B1DAE3CD}.Release|Any CPU.ActiveCfg = Release|Any CPU
		{80F80733-BDCC-46C8-8EAD-A7B4B1DAE3CD}.Release|Any CPU.Build.0 = Release|Any CPU
		{F331C6AE-53E4-4CB7-95FE-EFEC49389CA7}.Debug|Any CPU.ActiveCfg = Debug|Any CPU
		{F331C6AE-53E4-4CB7-95FE-EFEC49389CA7}.Debug|Any CPU.Build.0 = Debug|Any CPU
		{F331C6AE-53E4-4CB7-95FE-EFEC49389CA7}.Release|Any CPU.ActiveCfg = Release|Any CPU
		{F331C6AE-53E4-4CB7-95FE-EFEC49389CA7}.Release|Any CPU.Build.0 = Release|Any CPU
		{42D05D4A-9C52-4D15-813D-5A6FCEF9B1E9}.Debug|Any CPU.ActiveCfg = Debug|Any CPU
		{42D05D4A-9C52-4D15-813D-5A6FCEF9B1E9}.Debug|Any CPU.Build.0 = Debug|Any CPU
		{42D05D4A-9C52-4D15-813D-5A6FCEF9B1E9}.Release|Any CPU.ActiveCfg = Release|Any CPU
		{42D05D4A-9C52-4D15-813D-5A6FCEF9B1E9}.Release|Any CPU.Build.0 = Release|Any CPU
	EndGlobalSection
EndGlobal
